
Microsoft Visual Studio Solution File, Format Version 12.00
# Visual Studio 15
VisualStudioVersion = 15.0.28010.2016
MinimumVisualStudioVersion = 10.0.40219.1
Project("{FAE04EC0-301F-11D3-BF4B-00C04F79EFBC}") = "PasswordManager.Android", "PasswordManager\PasswordManager.Android\PasswordManager.Android.csproj", "{2C642EBE-86C9-4504-8B23-56802889C0A0}"
EndProject
Project("{9A19103F-16F7-4668-BE54-9A1E7A4F7556}") = "PasswordManager", "PasswordManager\PasswordManager\PasswordManager.csproj", "{0A009C54-9B92-4065-B49D-7B4F6844F83E}"
EndProject
Global
	GlobalSection(SolutionConfigurationPlatforms) = preSolution
		Debug|Any CPU = Debug|Any CPU
		Release|Any CPU = Release|Any CPU
	EndGlobalSection
	GlobalSection(ProjectConfigurationPlatforms) = postSolution
		{2C642EBE-86C9-4504-8B23-56802889C0A0}.Debug|Any CPU.ActiveCfg = Debug|Any CPU
		{2C642EBE-86C9-4504-8B23-56802889C0A0}.Debug|Any CPU.Build.0 = Debug|Any CPU
		{2C642EBE-86C9-4504-8B23-56802889C0A0}.Debug|Any CPU.Deploy.0 = Debug|Any CPU
		{2C642EBE-86C9-4504-8B23-56802889C0A0}.Release|Any CPU.ActiveCfg = Release|Any CPU
		{2C642EBE-86C9-4504-8B23-56802889C0A0}.Release|Any CPU.Build.0 = Release|Any CPU
		{2C642EBE-86C9-4504-8B23-56802889C0A0}.Release|Any CPU.Deploy.0 = Release|Any CPU
		{0A009C54-9B92-4065-B49D-7B4F6844F83E}.Debug|Any CPU.ActiveCfg = Debug|Any CPU
		{0A009C54-9B92-4065-B49D-7B4F6844F83E}.Debug|Any CPU.Build.0 = Debug|Any CPU
		{0A009C54-9B92-4065-B49D-7B4F6844F83E}.Release|Any CPU.ActiveCfg = Release|Any CPU
		{0A009C54-9B92-4065-B49D-7B4F6844F83E}.Release|Any CPU.Build.0 = Release|Any CPU
	EndGlobalSection
	GlobalSection(SolutionProperties) = preSolution
		HideSolutionNode = FALSE
	EndGlobalSection
	GlobalSection(ExtensibilityGlobals) = postSolution
		SolutionGuid = {A1A5DF5F-1D46-43DC-82D8-6A5E33942205}
	EndGlobalSection
EndGlobal
